// !$*UTF8*$!
{
	archiveVersion = 1;
	classes = {
	};
	objectVersion = 50;
	objects = {

/* Begin PBXBuildFile section */
		C21C6789243C401B00FA661F /* CardCountView.swift in Sources */ = {isa = PBXBuildFile; fileRef = C21C6788243C401B00FA661F /* CardCountView.swift */; };
		C24C8DC8243F5D0300825031 /* FormViewController.swift in Sources */ = {isa = PBXBuildFile; fileRef = C24C8DC7243F5D0300825031 /* FormViewController.swift */; };
		C24C8DCA2440472C00825031 /* FirstResponder.swift in Sources */ = {isa = PBXBuildFile; fileRef = C24C8DC92440472C00825031 /* FirstResponder.swift */; };
		C24C8DCC24405CD400825031 /* CardIDResponse.swift in Sources */ = {isa = PBXBuildFile; fileRef = C24C8DCB24405CD400825031 /* CardIDResponse.swift */; };
		C26472CC243C7551006D87EB /* CardListViewController.swift in Sources */ = {isa = PBXBuildFile; fileRef = C26472CB243C7551006D87EB /* CardListViewController.swift */; };
		C26472CF243C7677006D87EB /* ReusableView.swift in Sources */ = {isa = PBXBuildFile; fileRef = C26472CE243C7677006D87EB /* ReusableView.swift */; };
		C26472D6243C808C006D87EB /* NetworkManager.swift in Sources */ = {isa = PBXBuildFile; fileRef = C26472D5243C808C006D87EB /* NetworkManager.swift */; };
		C26472D8243C8F57006D87EB /* Endpoints.swift in Sources */ = {isa = PBXBuildFile; fileRef = C26472D7243C8F57006D87EB /* Endpoints.swift */; };
		C26472D9243C8F65006D87EB /* Endpoints.swift in Sources */ = {isa = PBXBuildFile; fileRef = C26472D7243C8F57006D87EB /* Endpoints.swift */; };
		C26472DB243C9020006D87EB /* APIRouter.swift in Sources */ = {isa = PBXBuildFile; fileRef = C26472DA243C9020006D87EB /* APIRouter.swift */; };
		C26472E0243D9CA8006D87EB /* BoardResponse.swift in Sources */ = {isa = PBXBuildFile; fileRef = C26472DF243D9CA8006D87EB /* BoardResponse.swift */; };
		C26472E2243DEBC7006D87EB /* URLProtocolMock.swift in Sources */ = {isa = PBXBuildFile; fileRef = C26472D1243C7F9A006D87EB /* URLProtocolMock.swift */; };
		C26472E6243DFF6D006D87EB /* CardCell.swift in Sources */ = {isa = PBXBuildFile; fileRef = C26472E5243DFF6D006D87EB /* CardCell.swift */; };
		C26472E9243E05DF006D87EB /* CardListDataSource.swift in Sources */ = {isa = PBXBuildFile; fileRef = C26472E8243E05DF006D87EB /* CardListDataSource.swift */; };
		C27B287B243B5A33005785AB /* AppDelegate.swift in Sources */ = {isa = PBXBuildFile; fileRef = C27B287A243B5A33005785AB /* AppDelegate.swift */; };
		C27B287D243B5A33005785AB /* SceneDelegate.swift in Sources */ = {isa = PBXBuildFile; fileRef = C27B287C243B5A33005785AB /* SceneDelegate.swift */; };
		C27B287F243B5A33005785AB /* BoardViewController.swift in Sources */ = {isa = PBXBuildFile; fileRef = C27B287E243B5A33005785AB /* BoardViewController.swift */; };
		C27B2882243B5A33005785AB /* Main.storyboard in Resources */ = {isa = PBXBuildFile; fileRef = C27B2880243B5A33005785AB /* Main.storyboard */; };
		C27B2884243B5A38005785AB /* Assets.xcassets in Resources */ = {isa = PBXBuildFile; fileRef = C27B2883243B5A38005785AB /* Assets.xcassets */; };
		C27B2887243B5A38005785AB /* LaunchScreen.storyboard in Resources */ = {isa = PBXBuildFile; fileRef = C27B2885243B5A38005785AB /* LaunchScreen.storyboard */; };
		C27B2892243B5A39005785AB /* CardListViewModelTests.swift in Sources */ = {isa = PBXBuildFile; fileRef = C27B2891243B5A39005785AB /* CardListViewModelTests.swift */; };
		C2884956243E37B900D4B603 /* CardListViewModel.swift in Sources */ = {isa = PBXBuildFile; fileRef = C2884955243E37B900D4B603 /* CardListViewModel.swift */; };
		C2884958243E41E100D4B603 /* Observers.swift in Sources */ = {isa = PBXBuildFile; fileRef = C2884957243E41E100D4B603 /* Observers.swift */; };
		C288495E243EF88700D4B603 /* UILoader.swift in Sources */ = {isa = PBXBuildFile; fileRef = C288495D243EF88700D4B603 /* UILoader.swift */; };
		C2B8CF202445F4B50076F34D /* BoardResponse.json in Resources */ = {isa = PBXBuildFile; fileRef = C2B8CF1E2445F4B40076F34D /* BoardResponse.json */; };
		C2B8CF212445F4B50076F34D /* NewCardResponse.json in Resources */ = {isa = PBXBuildFile; fileRef = C2B8CF1F2445F4B50076F34D /* NewCardResponse.json */; };
		C2B8CF252446D5F80076F34D /* CardListDelegate.swift in Sources */ = {isa = PBXBuildFile; fileRef = C2B8CF242446D5F70076F34D /* CardListDelegate.swift */; };
/* End PBXBuildFile section */

/* Begin PBXContainerItemProxy section */
		C27B288E243B5A39005785AB /* PBXContainerItemProxy */ = {
			isa = PBXContainerItemProxy;
			containerPortal = C27B286F243B5A32005785AB /* Project object */;
			proxyType = 1;
			remoteGlobalIDString = C27B2876243B5A33005785AB;
			remoteInfo = TodoList;
		};
/* End PBXContainerItemProxy section */

/* Begin PBXFileReference section */
		C21C6788243C401B00FA661F /* CardCountView.swift */ = {isa = PBXFileReference; lastKnownFileType = sourcecode.swift; path = CardCountView.swift; sourceTree = "<group>"; };
		C24C8DC7243F5D0300825031 /* FormViewController.swift */ = {isa = PBXFileReference; lastKnownFileType = sourcecode.swift; path = FormViewController.swift; sourceTree = "<group>"; };
		C24C8DC92440472C00825031 /* FirstResponder.swift */ = {isa = PBXFileReference; lastKnownFileType = sourcecode.swift; path = FirstResponder.swift; sourceTree = "<group>"; };
		C24C8DCB24405CD400825031 /* CardIDResponse.swift */ = {isa = PBXFileReference; lastKnownFileType = sourcecode.swift; path = CardIDResponse.swift; sourceTree = "<group>"; };
		C26472CB243C7551006D87EB /* CardListViewController.swift */ = {isa = PBXFileReference; lastKnownFileType = sourcecode.swift; path = CardListViewController.swift; sourceTree = "<group>"; };
		C26472CE243C7677006D87EB /* ReusableView.swift */ = {isa = PBXFileReference; lastKnownFileType = sourcecode.swift; path = ReusableView.swift; sourceTree = "<group>"; };
		C26472D1243C7F9A006D87EB /* URLProtocolMock.swift */ = {isa = PBXFileReference; lastKnownFileType = sourcecode.swift; path = URLProtocolMock.swift; sourceTree = "<group>"; };
		C26472D5243C808C006D87EB /* NetworkManager.swift */ = {isa = PBXFileReference; lastKnownFileType = sourcecode.swift; path = NetworkManager.swift; sourceTree = "<group>"; };
		C26472D7243C8F57006D87EB /* Endpoints.swift */ = {isa = PBXFileReference; lastKnownFileType = sourcecode.swift; path = Endpoints.swift; sourceTree = "<group>"; };
		C26472DA243C9020006D87EB /* APIRouter.swift */ = {isa = PBXFileReference; lastKnownFileType = sourcecode.swift; path = APIRouter.swift; sourceTree = "<group>"; };
		C26472DF243D9CA8006D87EB /* BoardResponse.swift */ = {isa = PBXFileReference; lastKnownFileType = sourcecode.swift; path = BoardResponse.swift; sourceTree = "<group>"; };
		C26472E5243DFF6D006D87EB /* CardCell.swift */ = {isa = PBXFileReference; lastKnownFileType = sourcecode.swift; path = CardCell.swift; sourceTree = "<group>"; };
		C26472E8243E05DF006D87EB /* CardListDataSource.swift */ = {isa = PBXFileReference; lastKnownFileType = sourcecode.swift; path = CardListDataSource.swift; sourceTree = "<group>"; };
		C27B2877243B5A33005785AB /* TodoList.app */ = {isa = PBXFileReference; explicitFileType = wrapper.application; includeInIndex = 0; path = TodoList.app; sourceTree = BUILT_PRODUCTS_DIR; };
		C27B287A243B5A33005785AB /* AppDelegate.swift */ = {isa = PBXFileReference; lastKnownFileType = sourcecode.swift; path = AppDelegate.swift; sourceTree = "<group>"; };
		C27B287C243B5A33005785AB /* SceneDelegate.swift */ = {isa = PBXFileReference; lastKnownFileType = sourcecode.swift; path = SceneDelegate.swift; sourceTree = "<group>"; };
		C27B287E243B5A33005785AB /* BoardViewController.swift */ = {isa = PBXFileReference; lastKnownFileType = sourcecode.swift; path = BoardViewController.swift; sourceTree = "<group>"; };
		C27B2881243B5A33005785AB /* Base */ = {isa = PBXFileReference; lastKnownFileType = file.storyboard; name = Base; path = Base.lproj/Main.storyboard; sourceTree = "<group>"; };
		C27B2883243B5A38005785AB /* Assets.xcassets */ = {isa = PBXFileReference; lastKnownFileType = folder.assetcatalog; path = Assets.xcassets; sourceTree = "<group>"; };
		C27B2886243B5A38005785AB /* Base */ = {isa = PBXFileReference; lastKnownFileType = file.storyboard; name = Base; path = Base.lproj/LaunchScreen.storyboard; sourceTree = "<group>"; };
		C27B2888243B5A38005785AB /* Info.plist */ = {isa = PBXFileReference; lastKnownFileType = text.plist.xml; path = Info.plist; sourceTree = "<group>"; };
		C27B288D243B5A39005785AB /* TodoListTests.xctest */ = {isa = PBXFileReference; explicitFileType = wrapper.cfbundle; includeInIndex = 0; path = TodoListTests.xctest; sourceTree = BUILT_PRODUCTS_DIR; };
		C27B2891243B5A39005785AB /* CardListViewModelTests.swift */ = {isa = PBXFileReference; lastKnownFileType = sourcecode.swift; path = CardListViewModelTests.swift; sourceTree = "<group>"; };
		C27B2893243B5A39005785AB /* Info.plist */ = {isa = PBXFileReference; lastKnownFileType = text.plist.xml; path = Info.plist; sourceTree = "<group>"; };
		C2884955243E37B900D4B603 /* CardListViewModel.swift */ = {isa = PBXFileReference; lastKnownFileType = sourcecode.swift; path = CardListViewModel.swift; sourceTree = "<group>"; };
		C2884957243E41E100D4B603 /* Observers.swift */ = {isa = PBXFileReference; lastKnownFileType = sourcecode.swift; path = Observers.swift; sourceTree = "<group>"; };
		C288495D243EF88700D4B603 /* UILoader.swift */ = {isa = PBXFileReference; lastKnownFileType = sourcecode.swift; path = UILoader.swift; sourceTree = "<group>"; };
		C2B8CF1E2445F4B40076F34D /* BoardResponse.json */ = {isa = PBXFileReference; fileEncoding = 4; lastKnownFileType = text.json; path = BoardResponse.json; sourceTree = "<group>"; };
		C2B8CF1F2445F4B50076F34D /* NewCardResponse.json */ = {isa = PBXFileReference; fileEncoding = 4; lastKnownFileType = text.json; path = NewCardResponse.json; sourceTree = "<group>"; };
		C2B8CF242446D5F70076F34D /* CardListDelegate.swift */ = {isa = PBXFileReference; fileEncoding = 4; lastKnownFileType = sourcecode.swift; path = CardListDelegate.swift; sourceTree = "<group>"; };
/* End PBXFileReference section */

/* Begin PBXFrameworksBuildPhase section */
		C27B2874243B5A33005785AB /* Frameworks */ = {
			isa = PBXFrameworksBuildPhase;
			buildActionMask = 2147483647;
			files = (
			);
			runOnlyForDeploymentPostprocessing = 0;
		};
		C27B288A243B5A39005785AB /* Frameworks */ = {
			isa = PBXFrameworksBuildPhase;
			buildActionMask = 2147483647;
			files = (
			);
			runOnlyForDeploymentPostprocessing = 0;
		};
/* End PBXFrameworksBuildPhase section */

/* Begin PBXGroup section */
		C217F2822441E1DF00FC112B /* JSONMocks */ = {
			isa = PBXGroup;
			children = (
				C2B8CF1E2445F4B40076F34D /* BoardResponse.json */,
				C2B8CF1F2445F4B50076F34D /* NewCardResponse.json */,
			);
			path = JSONMocks;
			sourceTree = "<group>";
		};
		C21C6785243C3B6A00FA661F /* Views */ = {
			isa = PBXGroup;
			children = (
				C21C6788243C401B00FA661F /* CardCountView.swift */,
				C26472E5243DFF6D006D87EB /* CardCell.swift */,
			);
			path = Views;
			sourceTree = "<group>";
		};
		C2395AC6244426F9009CA61F /* Delegates */ = {
			isa = PBXGroup;
			children = (
				C2B8CF242446D5F70076F34D /* CardListDelegate.swift */,
			);
			path = Delegates;
			sourceTree = "<group>";
		};
		C26472CD243C7653006D87EB /* Utils */ = {
			isa = PBXGroup;
			children = (
				C26472CE243C7677006D87EB /* ReusableView.swift */,
				C288495D243EF88700D4B603 /* UILoader.swift */,
				C24C8DC92440472C00825031 /* FirstResponder.swift */,
			);
			path = Utils;
			sourceTree = "<group>";
		};
		C26472D0243C7F79006D87EB /* NetworkingTests */ = {
			isa = PBXGroup;
			children = (
				C217F2822441E1DF00FC112B /* JSONMocks */,
				C26472D1243C7F9A006D87EB /* URLProtocolMock.swift */,
			);
			path = NetworkingTests;
			sourceTree = "<group>";
		};
		C26472D4243C8079006D87EB /* Networking */ = {
			isa = PBXGroup;
			children = (
				C26472D5243C808C006D87EB /* NetworkManager.swift */,
				C26472D7243C8F57006D87EB /* Endpoints.swift */,
				C26472DA243C9020006D87EB /* APIRouter.swift */,
			);
			path = Networking;
			sourceTree = "<group>";
		};
		C26472DC243C91EA006D87EB /* Models */ = {
			isa = PBXGroup;
			children = (
				C26472DF243D9CA8006D87EB /* BoardResponse.swift */,
				C24C8DCB24405CD400825031 /* CardIDResponse.swift */,
				C2884957243E41E100D4B603 /* Observers.swift */,
			);
			path = Models;
			sourceTree = "<group>";
		};
		C26472E4243DFE0A006D87EB /* Controllers */ = {
			isa = PBXGroup;
			children = (
				C27B287E243B5A33005785AB /* BoardViewController.swift */,
				C26472CB243C7551006D87EB /* CardListViewController.swift */,
				C24C8DC7243F5D0300825031 /* FormViewController.swift */,
			);
			path = Controllers;
			sourceTree = "<group>";
		};
		C26472E7243E0512006D87EB /* DataSources */ = {
			isa = PBXGroup;
			children = (
				C26472E8243E05DF006D87EB /* CardListDataSource.swift */,
			);
			path = DataSources;
			sourceTree = "<group>";
		};
		C27B286E243B5A32005785AB = {
			isa = PBXGroup;
			children = (
				C27B2879243B5A33005785AB /* TodoList */,
				C27B2890243B5A39005785AB /* TodoListTests */,
				C27B2878243B5A33005785AB /* Products */,
			);
			sourceTree = "<group>";
		};
		C27B2878243B5A33005785AB /* Products */ = {
			isa = PBXGroup;
			children = (
				C27B2877243B5A33005785AB /* TodoList.app */,
				C27B288D243B5A39005785AB /* TodoListTests.xctest */,
			);
			name = Products;
			sourceTree = "<group>";
		};
		C27B2879243B5A33005785AB /* TodoList */ = {
			isa = PBXGroup;
			children = (
				C26472CD243C7653006D87EB /* Utils */,
				C21C6785243C3B6A00FA661F /* Views */,
				C2884954243E379000D4B603 /* ViewModels */,
				C26472E7243E0512006D87EB /* DataSources */,
				C2395AC6244426F9009CA61F /* Delegates */,
				C26472E4243DFE0A006D87EB /* Controllers */,
				C26472DC243C91EA006D87EB /* Models */,
				C26472D4243C8079006D87EB /* Networking */,
				C26472D0243C7F79006D87EB /* NetworkingTests */,
				C27B287A243B5A33005785AB /* AppDelegate.swift */,
				C27B287C243B5A33005785AB /* SceneDelegate.swift */,
				C27B2880243B5A33005785AB /* Main.storyboard */,
				C27B2883243B5A38005785AB /* Assets.xcassets */,
				C27B2885243B5A38005785AB /* LaunchScreen.storyboard */,
				C27B2888243B5A38005785AB /* Info.plist */,
			);
			path = TodoList;
			sourceTree = "<group>";
		};
		C27B2890243B5A39005785AB /* TodoListTests */ = {
			isa = PBXGroup;
			children = (
				C27B2891243B5A39005785AB /* CardListViewModelTests.swift */,
				C27B2893243B5A39005785AB /* Info.plist */,
			);
			path = TodoListTests;
			sourceTree = "<group>";
		};
		C2884954243E379000D4B603 /* ViewModels */ = {
			isa = PBXGroup;
			children = (
				C2884955243E37B900D4B603 /* CardListViewModel.swift */,
			);
			path = ViewModels;
			sourceTree = "<group>";
		};
/* End PBXGroup section */

/* Begin PBXNativeTarget section */
		C27B2876243B5A33005785AB /* TodoList */ = {
			isa = PBXNativeTarget;
			buildConfigurationList = C27B2896243B5A39005785AB /* Build configuration list for PBXNativeTarget "TodoList" */;
			buildPhases = (
				C27B2873243B5A33005785AB /* Sources */,
				C27B2874243B5A33005785AB /* Frameworks */,
				C27B2875243B5A33005785AB /* Resources */,
			);
			buildRules = (
			);
			dependencies = (
			);
			name = TodoList;
			productName = TodoList;
			productReference = C27B2877243B5A33005785AB /* TodoList.app */;
			productType = "com.apple.product-type.application";
		};
		C27B288C243B5A39005785AB /* TodoListTests */ = {
			isa = PBXNativeTarget;
			buildConfigurationList = C27B2899243B5A39005785AB /* Build configuration list for PBXNativeTarget "TodoListTests" */;
			buildPhases = (
				C27B2889243B5A39005785AB /* Sources */,
				C27B288A243B5A39005785AB /* Frameworks */,
				C27B288B243B5A39005785AB /* Resources */,
			);
			buildRules = (
			);
			dependencies = (
				C27B288F243B5A39005785AB /* PBXTargetDependency */,
			);
			name = TodoListTests;
			productName = TodoListTests;
			productReference = C27B288D243B5A39005785AB /* TodoListTests.xctest */;
			productType = "com.apple.product-type.bundle.unit-test";
		};
/* End PBXNativeTarget section */

/* Begin PBXProject section */
		C27B286F243B5A32005785AB /* Project object */ = {
			isa = PBXProject;
			attributes = {
				LastSwiftUpdateCheck = 1130;
				LastUpgradeCheck = 1130;
				ORGANIZATIONNAME = "Chaewan Park";
				TargetAttributes = {
					C27B2876243B5A33005785AB = {
						CreatedOnToolsVersion = 11.3.1;
					};
					C27B288C243B5A39005785AB = {
						CreatedOnToolsVersion = 11.3.1;
						TestTargetID = C27B2876243B5A33005785AB;
					};
				};
			};
			buildConfigurationList = C27B2872243B5A32005785AB /* Build configuration list for PBXProject "TodoList" */;
			compatibilityVersion = "Xcode 9.3";
			developmentRegion = en;
			hasScannedForEncodings = 0;
			knownRegions = (
				en,
				Base,
			);
			mainGroup = C27B286E243B5A32005785AB;
			productRefGroup = C27B2878243B5A33005785AB /* Products */;
			projectDirPath = "";
			projectRoot = "";
			targets = (
				C27B2876243B5A33005785AB /* TodoList */,
				C27B288C243B5A39005785AB /* TodoListTests */,
			);
		};
/* End PBXProject section */

/* Begin PBXResourcesBuildPhase section */
		C27B2875243B5A33005785AB /* Resources */ = {
			isa = PBXResourcesBuildPhase;
			buildActionMask = 2147483647;
			files = (
				C27B2887243B5A38005785AB /* LaunchScreen.storyboard in Resources */,
				C2B8CF202445F4B50076F34D /* BoardResponse.json in Resources */,
				C27B2884243B5A38005785AB /* Assets.xcassets in Resources */,
				C2B8CF212445F4B50076F34D /* NewCardResponse.json in Resources */,
				C27B2882243B5A33005785AB /* Main.storyboard in Resources */,
			);
			runOnlyForDeploymentPostprocessing = 0;
		};
		C27B288B243B5A39005785AB /* Resources */ = {
			isa = PBXResourcesBuildPhase;
			buildActionMask = 2147483647;
			files = (
			);
			runOnlyForDeploymentPostprocessing = 0;
		};
/* End PBXResourcesBuildPhase section */

/* Begin PBXSourcesBuildPhase section */
		C27B2873243B5A33005785AB /* Sources */ = {
			isa = PBXSourcesBuildPhase;
			buildActionMask = 2147483647;
			files = (
				C24C8DC8243F5D0300825031 /* FormViewController.swift in Sources */,
				C26472E0243D9CA8006D87EB /* BoardResponse.swift in Sources */,
				C26472DB243C9020006D87EB /* APIRouter.swift in Sources */,
				C21C6789243C401B00FA661F /* CardCountView.swift in Sources */,
				C27B287F243B5A33005785AB /* BoardViewController.swift in Sources */,
				C27B287B243B5A33005785AB /* AppDelegate.swift in Sources */,
				C2B8CF252446D5F80076F34D /* CardListDelegate.swift in Sources */,
				C2884958243E41E100D4B603 /* Observers.swift in Sources */,
				C26472D6243C808C006D87EB /* NetworkManager.swift in Sources */,
				C26472E9243E05DF006D87EB /* CardListDataSource.swift in Sources */,
				C26472CF243C7677006D87EB /* ReusableView.swift in Sources */,
				C26472E2243DEBC7006D87EB /* URLProtocolMock.swift in Sources */,
				C24C8DCA2440472C00825031 /* FirstResponder.swift in Sources */,
				C27B287D243B5A33005785AB /* SceneDelegate.swift in Sources */,
				C24C8DCC24405CD400825031 /* CardIDResponse.swift in Sources */,
				C2884956243E37B900D4B603 /* CardListViewModel.swift in Sources */,
				C288495E243EF88700D4B603 /* UILoader.swift in Sources */,
				C26472D8243C8F57006D87EB /* Endpoints.swift in Sources */,
				C26472E6243DFF6D006D87EB /* CardCell.swift in Sources */,
				C26472CC243C7551006D87EB /* CardListViewController.swift in Sources */,
			);
			runOnlyForDeploymentPostprocessing = 0;
		};
		C27B2889243B5A39005785AB /* Sources */ = {
			isa = PBXSourcesBuildPhase;
			buildActionMask = 2147483647;
			files = (
				C27B2892243B5A39005785AB /* CardListViewModelTests.swift in Sources */,
				C26472D9243C8F65006D87EB /* Endpoints.swift in Sources */,
			);
			runOnlyForDeploymentPostprocessing = 0;
		};
/* End PBXSourcesBuildPhase section */

/* Begin PBXTargetDependency section */
		C27B288F243B5A39005785AB /* PBXTargetDependency */ = {
			isa = PBXTargetDependency;
			target = C27B2876243B5A33005785AB /* TodoList */;
			targetProxy = C27B288E243B5A39005785AB /* PBXContainerItemProxy */;
		};
/* End PBXTargetDependency section */

/* Begin PBXVariantGroup section */
		C27B2880243B5A33005785AB /* Main.storyboard */ = {
			isa = PBXVariantGroup;
			children = (
				C27B2881243B5A33005785AB /* Base */,
			);
			name = Main.storyboard;
			sourceTree = "<group>";
		};
		C27B2885243B5A38005785AB /* LaunchScreen.storyboard */ = {
			isa = PBXVariantGroup;
			children = (
				C27B2886243B5A38005785AB /* Base */,
			);
			name = LaunchScreen.storyboard;
			sourceTree = "<group>";
		};
/* End PBXVariantGroup section */

/* Begin XCBuildConfiguration section */
		C27B2894243B5A39005785AB /* Debug */ = {
			isa = XCBuildConfiguration;
			buildSettings = {
				ALWAYS_SEARCH_USER_PATHS = NO;
				CLANG_ANALYZER_NONNULL = YES;
				CLANG_ANALYZER_NUMBER_OBJECT_CONVERSION = YES_AGGRESSIVE;
				CLANG_CXX_LANGUAGE_STANDARD = "gnu++14";
				CLANG_CXX_LIBRARY = "libc++";
				CLANG_ENABLE_MODULES = YES;
				CLANG_ENABLE_OBJC_ARC = YES;
				CLANG_ENABLE_OBJC_WEAK = YES;
				CLANG_WARN_BLOCK_CAPTURE_AUTORELEASING = YES;
				CLANG_WARN_BOOL_CONVERSION = YES;
				CLANG_WARN_COMMA = YES;
				CLANG_WARN_CONSTANT_CONVERSION = YES;
				CLANG_WARN_DEPRECATED_OBJC_IMPLEMENTATIONS = YES;
				CLANG_WARN_DIRECT_OBJC_ISA_USAGE = YES_ERROR;
				CLANG_WARN_DOCUMENTATION_COMMENTS = YES;
				CLANG_WARN_EMPTY_BODY = YES;
				CLANG_WARN_ENUM_CONVERSION = YES;
				CLANG_WARN_INFINITE_RECURSION = YES;
				CLANG_WARN_INT_CONVERSION = YES;
				CLANG_WARN_NON_LITERAL_NULL_CONVERSION = YES;
				CLANG_WARN_OBJC_IMPLICIT_RETAIN_SELF = YES;
				CLANG_WARN_OBJC_LITERAL_CONVERSION = YES;
				CLANG_WARN_OBJC_ROOT_CLASS = YES_ERROR;
				CLANG_WARN_RANGE_LOOP_ANALYSIS = YES;
				CLANG_WARN_STRICT_PROTOTYPES = YES;
				CLANG_WARN_SUSPICIOUS_MOVE = YES;
				CLANG_WARN_UNGUARDED_AVAILABILITY = YES_AGGRESSIVE;
				CLANG_WARN_UNREACHABLE_CODE = YES;
				CLANG_WARN__DUPLICATE_METHOD_MATCH = YES;
				COPY_PHASE_STRIP = NO;
				DEBUG_INFORMATION_FORMAT = dwarf;
				ENABLE_STRICT_OBJC_MSGSEND = YES;
				ENABLE_TESTABILITY = YES;
				GCC_C_LANGUAGE_STANDARD = gnu11;
				GCC_DYNAMIC_NO_PIC = NO;
				GCC_NO_COMMON_BLOCKS = YES;
				GCC_OPTIMIZATION_LEVEL = 0;
				GCC_PREPROCESSOR_DEFINITIONS = (
					"DEBUG=1",
					"$(inherited)",
				);
				GCC_WARN_64_TO_32_BIT_CONVERSION = YES;
				GCC_WARN_ABOUT_RETURN_TYPE = YES_ERROR;
				GCC_WARN_UNDECLARED_SELECTOR = YES;
				GCC_WARN_UNINITIALIZED_AUTOS = YES_AGGRESSIVE;
				GCC_WARN_UNUSED_FUNCTION = YES;
				GCC_WARN_UNUSED_VARIABLE = YES;
				IPHONEOS_DEPLOYMENT_TARGET = 13.2;
				MTL_ENABLE_DEBUG_INFO = INCLUDE_SOURCE;
				MTL_FAST_MATH = YES;
				ONLY_ACTIVE_ARCH = YES;
				SDKROOT = iphoneos;
				SWIFT_ACTIVE_COMPILATION_CONDITIONS = DEBUG;
				SWIFT_OPTIMIZATION_LEVEL = "-Onone";
			};
			name = Debug;
		};
		C27B2895243B5A39005785AB /* Release */ = {
			isa = XCBuildConfiguration;
			buildSettings = {
				ALWAYS_SEARCH_USER_PATHS = NO;
				CLANG_ANALYZER_NONNULL = YES;
				CLANG_ANALYZER_NUMBER_OBJECT_CONVERSION = YES_AGGRESSIVE;
				CLANG_CXX_LANGUAGE_STANDARD = "gnu++14";
				CLANG_CXX_LIBRARY = "libc++";
				CLANG_ENABLE_MODULES = YES;
				CLANG_ENABLE_OBJC_ARC = YES;
				CLANG_ENABLE_OBJC_WEAK = YES;
				CLANG_WARN_BLOCK_CAPTURE_AUTORELEASING = YES;
				CLANG_WARN_BOOL_CONVERSION = YES;
				CLANG_WARN_COMMA = YES;
				CLANG_WARN_CONSTANT_CONVERSION = YES;
				CLANG_WARN_DEPRECATED_OBJC_IMPLEMENTATIONS = YES;
				CLANG_WARN_DIRECT_OBJC_ISA_USAGE = YES_ERROR;
				CLANG_WARN_DOCUMENTATION_COMMENTS = YES;
				CLANG_WARN_EMPTY_BODY = YES;
				CLANG_WARN_ENUM_CONVERSION = YES;
				CLANG_WARN_INFINITE_RECURSION = YES;
				CLANG_WARN_INT_CONVERSION = YES;
				CLANG_WARN_NON_LITERAL_NULL_CONVERSION = YES;
				CLANG_WARN_OBJC_IMPLICIT_RETAIN_SELF = YES;
				CLANG_WARN_OBJC_LITERAL_CONVERSION = YES;
				CLANG_WARN_OBJC_ROOT_CLASS = YES_ERROR;
				CLANG_WARN_RANGE_LOOP_ANALYSIS = YES;
				CLANG_WARN_STRICT_PROTOTYPES = YES;
				CLANG_WARN_SUSPICIOUS_MOVE = YES;
				CLANG_WARN_UNGUARDED_AVAILABILITY = YES_AGGRESSIVE;
				CLANG_WARN_UNREACHABLE_CODE = YES;
				CLANG_WARN__DUPLICATE_METHOD_MATCH = YES;
				COPY_PHASE_STRIP = NO;
				DEBUG_INFORMATION_FORMAT = "dwarf-with-dsym";
				ENABLE_NS_ASSERTIONS = NO;
				ENABLE_STRICT_OBJC_MSGSEND = YES;
				GCC_C_LANGUAGE_STANDARD = gnu11;
				GCC_NO_COMMON_BLOCKS = YES;
				GCC_WARN_64_TO_32_BIT_CONVERSION = YES;
				GCC_WARN_ABOUT_RETURN_TYPE = YES_ERROR;
				GCC_WARN_UNDECLARED_SELECTOR = YES;
				GCC_WARN_UNINITIALIZED_AUTOS = YES_AGGRESSIVE;
				GCC_WARN_UNUSED_FUNCTION = YES;
				GCC_WARN_UNUSED_VARIABLE = YES;
				IPHONEOS_DEPLOYMENT_TARGET = 13.2;
				MTL_ENABLE_DEBUG_INFO = NO;
				MTL_FAST_MATH = YES;
				SDKROOT = iphoneos;
				SWIFT_COMPILATION_MODE = wholemodule;
				SWIFT_OPTIMIZATION_LEVEL = "-O";
				VALIDATE_PRODUCT = YES;
			};
			name = Release;
		};
		C27B2897243B5A39005785AB /* Debug */ = {
			isa = XCBuildConfiguration;
			buildSettings = {
				ASSETCATALOG_COMPILER_APPICON_NAME = AppIcon;
				CODE_SIGN_STYLE = Automatic;
				DEVELOPMENT_TEAM = 7R8M75S4BH;
				INFOPLIST_FILE = TodoList/Info.plist;
				LD_RUNPATH_SEARCH_PATHS = (
					"$(inherited)",
					"@executable_path/Frameworks",
				);
				PRODUCT_BUNDLE_IDENTIFIER = com.seizze.TodoList;
				PRODUCT_NAME = "$(TARGET_NAME)";
				SWIFT_VERSION = 5.0;
				TARGETED_DEVICE_FAMILY = "1,2";
			};
			name = Debug;
		};
		C27B2898243B5A39005785AB /* Release */ = {
			isa = XCBuildConfiguration;
			buildSettings = {
				ASSETCATALOG_COMPILER_APPICON_NAME = AppIcon;
				CODE_SIGN_STYLE = Automatic;
				DEVELOPMENT_TEAM = 7R8M75S4BH;
				INFOPLIST_FILE = TodoList/Info.plist;
				LD_RUNPATH_SEARCH_PATHS = (
					"$(inherited)",
					"@executable_path/Frameworks",
				);
				PRODUCT_BUNDLE_IDENTIFIER = com.seizze.TodoList;
				PRODUCT_NAME = "$(TARGET_NAME)";
				SWIFT_VERSION = 5.0;
				TARGETED_DEVICE_FAMILY = "1,2";
			};
			name = Release;
		};
		C27B289A243B5A39005785AB /* Debug */ = {
			isa = XCBuildConfiguration;
			buildSettings = {
				ALWAYS_EMBED_SWIFT_STANDARD_LIBRARIES = YES;
				BUNDLE_LOADER = "$(TEST_HOST)";
				CODE_SIGN_STYLE = Automatic;
				DEVELOPMENT_TEAM = 7R8M75S4BH;
				INFOPLIST_FILE = TodoListTests/Info.plist;
				IPHONEOS_DEPLOYMENT_TARGET = 13.2;
				LD_RUNPATH_SEARCH_PATHS = (
					"$(inherited)",
					"@executable_path/Frameworks",
					"@loader_path/Frameworks",
				);
				PRODUCT_BUNDLE_IDENTIFIER = com.seizze.TodoListTests;
				PRODUCT_NAME = "$(TARGET_NAME)";
				SWIFT_VERSION = 5.0;
				TARGETED_DEVICE_FAMILY = "1,2";
				TEST_HOST = "$(BUILT_PRODUCTS_DIR)/TodoList.app/TodoList";
			};
			name = Debug;
		};
		C27B289B243B5A39005785AB /* Release */ = {
			isa = XCBuildConfiguration;
			buildSettings = {
				ALWAYS_EMBED_SWIFT_STANDARD_LIBRARIES = YES;
				BUNDLE_LOADER = "$(TEST_HOST)";
				CODE_SIGN_STYLE = Automatic;
				DEVELOPMENT_TEAM = 7R8M75S4BH;
				INFOPLIST_FILE = TodoListTests/Info.plist;
				IPHONEOS_DEPLOYMENT_TARGET = 13.2;
				LD_RUNPATH_SEARCH_PATHS = (
					"$(inherited)",
					"@executable_path/Frameworks",
					"@loader_path/Frameworks",
				);
				PRODUCT_BUNDLE_IDENTIFIER = com.seizze.TodoListTests;
				PRODUCT_NAME = "$(TARGET_NAME)";
				SWIFT_VERSION = 5.0;
				TARGETED_DEVICE_FAMILY = "1,2";
				TEST_HOST = "$(BUILT_PRODUCTS_DIR)/TodoList.app/TodoList";
			};
			name = Release;
		};
/* End XCBuildConfiguration section */

/* Begin XCConfigurationList section */
		C27B2872243B5A32005785AB /* Build configuration list for PBXProject "TodoList" */ = {
			isa = XCConfigurationList;
			buildConfigurations = (
				C27B2894243B5A39005785AB /* Debug */,
				C27B2895243B5A39005785AB /* Release */,
			);
			defaultConfigurationIsVisible = 0;
			defaultConfigurationName = Release;
		};
		C27B2896243B5A39005785AB /* Build configuration list for PBXNativeTarget "TodoList" */ = {
			isa = XCConfigurationList;
			buildConfigurations = (
				C27B2897243B5A39005785AB /* Debug */,
				C27B2898243B5A39005785AB /* Release */,
			);
			defaultConfigurationIsVisible = 0;
			defaultConfigurationName = Release;
		};
		C27B2899243B5A39005785AB /* Build configuration list for PBXNativeTarget "TodoListTests" */ = {
			isa = XCConfigurationList;
			buildConfigurations = (
				C27B289A243B5A39005785AB /* Debug */,
				C27B289B243B5A39005785AB /* Release */,
			);
			defaultConfigurationIsVisible = 0;
			defaultConfigurationName = Release;
		};
/* End XCConfigurationList section */
	};
	rootObject = C27B286F243B5A32005785AB /* Project object */;
}
